
Microsoft Visual Studio Solution File, Format Version 12.00
# Visual Studio 14
VisualStudioVersion = 14.0.25420.1
MinimumVisualStudioVersion = 10.0.40219.1
Project("{FAE04EC0-301F-11D3-BF4B-00C04F79EFBC}") = "Entrainement", "Entrainement\Entrainement.csproj", "{52880841-6E03-4D2E-9216-04BE5B2206E6}"
EndProject
Project("{FAE04EC0-301F-11D3-BF4B-00C04F79EFBC}") = "Calcul du PGCD", "Calcul du PGCD\Calcul du PGCD.csproj", "{9269E069-A521-48EF-81E4-6ACC0B5FD6DC}"
EndProject
Project("{FAE04EC0-301F-11D3-BF4B-00C04F79EFBC}") = "Calcul de nombres premiers", "Calcul de nombres premiers\Calcul de nombres premiers.csproj", "{9787EDC4-5578-4EE4-ADCC-50D5F2CD0DF2}"
EndProject
Project("{FAE04EC0-301F-11D3-BF4B-00C04F79EFBC}") = "Tri_d_un_tableau", "Tri_d_un_tableau\Tri_d_un_tableau.csproj", "{BC142350-0DB2-4C98-8E63-1563FF92F3D4}"
EndProject
Project("{FAE04EC0-301F-11D3-BF4B-00C04F79EFBC}") = "Comptage_Voyelles_Consonnes", "Comptage_Voyelles_Consonnes\Comptage_Voyelles_Consonnes.csproj", "{0881687B-0E09-444E-84AB-FE1F00A246BB}"
EndProject
Project("{FAE04EC0-301F-11D3-BF4B-00C04F79EFBC}") = "Login", "Login\Login.csproj", "{0FF3511E-E236-4F23-A994-1CE9780A0B7A}"
EndProject
Project("{FAE04EC0-301F-11D3-BF4B-00C04F79EFBC}") = "POO", "POO\POO.csproj", "{DF4E89D1-B210-47EA-B997-BA3097E8C468}"
EndProject
Project("{FAE04EC0-301F-11D3-BF4B-00C04F79EFBC}") = "Boites", "Boites\Boites.csproj", "{2520E6BC-82B8-429F-A6E4-CF0A279B4609}"
EndProject
Project("{FAE04EC0-301F-11D3-BF4B-00C04F79EFBC}") = "Vehicules", "Vehicules\Vehicules.csproj", "{0AB7B9BF-36E0-407C-8213-2379D704796A}"
EndProject
Project("{FAE04EC0-301F-11D3-BF4B-00C04F79EFBC}") = "Tests", "Tests\Tests.csproj", "{ED08B779-FED9-41C9-BD74-067EC60103F0}"
EndProject
Global
	GlobalSection(SolutionConfigurationPlatforms) = preSolution
		Debug|Any CPU = Debug|Any CPU
		Release|Any CPU = Release|Any CPU
	EndGlobalSection
	GlobalSection(ProjectConfigurationPlatforms) = postSolution
		{52880841-6E03-4D2E-9216-04BE5B2206E6}.Debug|Any CPU.ActiveCfg = Debug|Any CPU
		{52880841-6E03-4D2E-9216-04BE5B2206E6}.Debug|Any CPU.Build.0 = Debug|Any CPU
		{52880841-6E03-4D2E-9216-04BE5B2206E6}.Release|Any CPU.ActiveCfg = Release|Any CPU
		{52880841-6E03-4D2E-9216-04BE5B2206E6}.Release|Any CPU.Build.0 = Release|Any CPU
		{9269E069-A521-48EF-81E4-6ACC0B5FD6DC}.Debug|Any CPU.ActiveCfg = Debug|Any CPU
		{9269E069-A521-48EF-81E4-6ACC0B5FD6DC}.Debug|Any CPU.Build.0 = Debug|Any CPU
		{9269E069-A521-48EF-81E4-6ACC0B5FD6DC}.Release|Any CPU.ActiveCfg = Release|Any CPU
		{9269E069-A521-48EF-81E4-6ACC0B5FD6DC}.Release|Any CPU.Build.0 = Release|Any CPU
		{9787EDC4-5578-4EE4-ADCC-50D5F2CD0DF2}.Debug|Any CPU.ActiveCfg = Debug|Any CPU
		{9787EDC4-5578-4EE4-ADCC-50D5F2CD0DF2}.Debug|Any CPU.Build.0 = Debug|Any CPU
		{9787EDC4-5578-4EE4-ADCC-50D5F2CD0DF2}.Release|Any CPU.ActiveCfg = Release|Any CPU
		{9787EDC4-5578-4EE4-ADCC-50D5F2CD0DF2}.Release|Any CPU.Build.0 = Release|Any CPU
		{BC142350-0DB2-4C98-8E63-1563FF92F3D4}.Debug|Any CPU.ActiveCfg = Debug|Any CPU
		{BC142350-0DB2-4C98-8E63-1563FF92F3D4}.Debug|Any CPU.Build.0 = Debug|Any CPU
		{BC142350-0DB2-4C98-8E63-1563FF92F3D4}.Release|Any CPU.ActiveCfg = Release|Any CPU
		{BC142350-0DB2-4C98-8E63-1563FF92F3D4}.Release|Any CPU.Build.0 = Release|Any CPU
		{0881687B-0E09-444E-84AB-FE1F00A246BB}.Debug|Any CPU.ActiveCfg = Debug|Any CPU
		{0881687B-0E09-444E-84AB-FE1F00A246BB}.Debug|Any CPU.Build.0 = Debug|Any CPU
		{0881687B-0E09-444E-84AB-FE1F00A246BB}.Release|Any CPU.ActiveCfg = Release|Any CPU
		{0881687B-0E09-444E-84AB-FE1F00A246BB}.Release|Any CPU.Build.0 = Release|Any CPU
		{0FF3511E-E236-4F23-A994-1CE9780A0B7A}.Debug|Any CPU.ActiveCfg = Debug|Any CPU
		{0FF3511E-E236-4F23-A994-1CE9780A0B7A}.Debug|Any CPU.Build.0 = Debug|Any CPU
		{0FF3511E-E236-4F23-A994-1CE9780A0B7A}.Release|Any CPU.ActiveCfg = Release|Any CPU
		{0FF3511E-E236-4F23-A994-1CE9780A0B7A}.Release|Any CPU.Build.0 = Release|Any CPU
		{DF4E89D1-B210-47EA-B997-BA3097E8C468}.Debug|Any CPU.ActiveCfg = Debug|Any CPU
		{DF4E89D1-B210-47EA-B997-BA3097E8C468}.Debug|Any CPU.Build.0 = Debug|Any CPU
		{DF4E89D1-B210-47EA-B997-BA3097E8C468}.Release|Any CPU.ActiveCfg = Release|Any CPU
		{DF4E89D1-B210-47EA-B997-BA3097E8C468}.Release|Any CPU.Build.0 = Release|Any CPU
		{2520E6BC-82B8-429F-A6E4-CF0A279B4609}.Debug|Any CPU.ActiveCfg = Debug|Any CPU
		{2520E6BC-82B8-429F-A6E4-CF0A279B4609}.Debug|Any CPU.Build.0 = Debug|Any CPU
		{2520E6BC-82B8-429F-A6E4-CF0A279B4609}.Release|Any CPU.ActiveCfg = Release|Any CPU
		{2520E6BC-82B8-429F-A6E4-CF0A279B4609}.Release|Any CPU.Build.0 = Release|Any CPU
		{0AB7B9BF-36E0-407C-8213-2379D704796A}.Debug|Any CPU.ActiveCfg = Debug|Any CPU
		{0AB7B9BF-36E0-407C-8213-2379D704796A}.Debug|Any CPU.Build.0 = Debug|Any CPU
		{0AB7B9BF-36E0-407C-8213-2379D704796A}.Release|Any CPU.ActiveCfg = Release|Any CPU
		{0AB7B9BF-36E0-407C-8213-2379D704796A}.Release|Any CPU.Build.0 = Release|Any CPU
		{ED08B779-FED9-41C9-BD74-067EC60103F0}.Debug|Any CPU.ActiveCfg = Debug|Any CPU
		{ED08B779-FED9-41C9-BD74-067EC60103F0}.Debug|Any CPU.Build.0 = Debug|Any CPU
		{ED08B779-FED9-41C9-BD74-067EC60103F0}.Release|Any CPU.ActiveCfg = Release|Any CPU
		{ED08B779-FED9-41C9-BD74-067EC60103F0}.Release|Any CPU.Build.0 = Release|Any CPU
	EndGlobalSection
	GlobalSection(SolutionProperties) = preSolution
		HideSolutionNode = FALSE
	EndGlobalSection
EndGlobal
